<?xml version="1.0" encoding="utf-8"?>
<Project ToolsVersion="4.0" xmlns="http://schemas.microsoft.com/developer/msbuild/2003">
  <ItemGroup>
    <Filter Include="Include">
      <UniqueIdentifier>{8733b5e4-22a5-46de-ab3f-5ca0c57bde0d}</UniqueIdentifier>
    </Filter>
    <Filter Include="Include\EDK3">
      <UniqueIdentifier>{f417cec2-3d7a-42bc-9ca5-31bcb92d44ac}</UniqueIdentifier>
    </Filter>
    <Filter Include="Include\EDK3\dev">
      <UniqueIdentifier>{e4dc179c-ddff-4e8e-a4c1-b2ab1b2728a1}</UniqueIdentifier>
    </Filter>
    <Filter Include="Include\ESAT">
      <UniqueIdentifier>{85ec947a-471c-448e-9b46-69d7add93aec}</UniqueIdentifier>
    </Filter>
    <Filter Include="Example">
      <UniqueIdentifier>{8c9750f4-0952-4337-a82c-379aca8b4f87}</UniqueIdentifier>
    </Filter>
    <Filter Include="Include\JSF">
      <UniqueIdentifier>{d9a94a58-ad34-4332-bbe8-44714042f43c}</UniqueIdentifier>
    </Filter>
    <Filter Include="src">
      <UniqueIdentifier>{6af4452c-b4aa-4383-9e43-18e3243cec6c}</UniqueIdentifier>
    </Filter>
  </ItemGroup>
  <ItemGroup>
    <ClInclude Include="..\..\..\include\EDK3\dev\framebuffer.h">
      <Filter>Include\EDK3\dev</Filter>
    </ClInclude>
    <ClInclude Include="..\..\..\include\EDK3\dev\glew.h">
      <Filter>Include\EDK3\dev</Filter>
    </ClInclude>
    <ClInclude Include="..\..\..\include\EDK3\dev\gpumanager.h">
      <Filter>Include\EDK3\dev</Filter>
    </ClInclude>
    <ClInclude Include="..\..\..\include\EDK3\dev\opengl.h">
      <Filter>Include\EDK3\dev</Filter>
    </ClInclude>
    <ClInclude Include="..\..\..\include\EDK3\dev\program.h">
      <Filter>Include\EDK3\dev</Filter>
    </ClInclude>
    <ClInclude Include="..\..\..\include\EDK3\dev\shader.h">
      <Filter>Include\EDK3\dev</Filter>
    </ClInclude>
    <ClInclude Include="..\..\..\include\EDK3\dev\buffer.h">
      <Filter>Include\EDK3\dev</Filter>
    </ClInclude>
    <ClInclude Include="..\..\..\include\EDK3\camera.h">
      <Filter>Include\EDK3</Filter>
    </ClInclude>
    <ClInclude Include="..\..\..\include\EDK3\constants.h">
      <Filter>Include\EDK3</Filter>
    </ClInclude>
    <ClInclude Include="..\..\..\include\EDK3\drawable.h">
      <Filter>Include\EDK3</Filter>
    </ClInclude>
    <ClInclude Include="..\..\..\include\EDK3\geometry.h">
      <Filter>Include\EDK3</Filter>
    </ClInclude>
    <ClInclude Include="..\..\..\include\EDK3\matdiffuse.h">
      <Filter>Include\EDK3</Filter>
    </ClInclude>
    <ClInclude Include="..\..\..\include\EDK3\matdiffusetexture.h">
      <Filter>Include\EDK3</Filter>
    </ClInclude>
    <ClInclude Include="..\..\..\include\EDK3\material.h">
      <Filter>Include\EDK3</Filter>
    </ClInclude>
    <ClInclude Include="..\..\..\include\EDK3\materialsettings.h">
      <Filter>Include\EDK3</Filter>
    </ClInclude>
    <ClInclude Include="..\..\..\include\EDK3\matpostprocess.h">
      <Filter>Include\EDK3</Filter>
    </ClInclude>
    <ClInclude Include="..\..\..\include\EDK3\node.h">
      <Filter>Include\EDK3</Filter>
    </ClInclude>
    <ClInclude Include="..\..\..\include\EDK3\ref_ptr.h">
      <Filter>Include\EDK3</Filter>
    </ClInclude>
    <ClInclude Include="..\..\..\include\EDK3\referenced.h">
      <Filter>Include\EDK3</Filter>
    </ClInclude>
    <ClInclude Include="..\..\..\include\EDK3\rendertarget.h">
      <Filter>Include\EDK3</Filter>
    </ClInclude>
    <ClInclude Include="..\..\..\include\EDK3\scoped_array.h">
      <Filter>Include\EDK3</Filter>
    </ClInclude>
    <ClInclude Include="..\..\..\include\EDK3\scoped_ptr.h">
      <Filter>Include\EDK3</Filter>
    </ClInclude>
    <ClInclude Include="..\..\..\include\EDK3\texture.h">
      <Filter>Include\EDK3</Filter>
    </ClInclude>
    <ClInclude Include="..\..\..\include\ESAT\sprite.h">
      <Filter>Include\ESAT</Filter>
    </ClInclude>
    <ClInclude Include="..\..\..\include\ESAT\time.h">
      <Filter>Include\ESAT</Filter>
    </ClInclude>
    <ClInclude Include="..\..\..\include\ESAT\window.h">
      <Filter>Include\ESAT</Filter>
    </ClInclude>
    <ClInclude Include="..\..\..\include\ESAT\draw.h">
      <Filter>Include\ESAT</Filter>
    </ClInclude>
    <ClInclude Include="..\..\..\include\ESAT\input.h">
      <Filter>Include\ESAT</Filter>
    </ClInclude>
    <ClInclude Include="..\..\..\include\ESAT\math.h">
      <Filter>Include\ESAT</Filter>
    </ClInclude>
    <ClInclude Include="..\..\..\include\Block.h">
      <Filter>Include\JSF</Filter>
    </ClInclude>
    <ClInclude Include="..\..\..\include\BuildingGeometries.h">
      <Filter>Include\JSF</Filter>
    </ClInclude>
    <ClInclude Include="..\..\..\include\buildings.h">
      <Filter>Include\JSF</Filter>
    </ClInclude>
    <ClInclude Include="..\..\..\include\City.h">
      <Filter>Include\JSF</Filter>
    </ClInclude>
    <ClInclude Include="..\..\..\include\FPCamera.h">
      <Filter>Include\JSF</Filter>
    </ClInclude>
    <ClInclude Include="..\..\..\include\matcustom_jsf.h">
      <Filter>Include\JSF</Filter>
    </ClInclude>
    <ClInclude Include="..\..\..\include\RoadGeometries.h">
      <Filter>Include\JSF</Filter>
    </ClInclude>
    <ClInclude Include="..\..\..\include\Roads.h">
      <Filter>Include\JSF</Filter>
    </ClInclude>
    <ClInclude Include="..\..\..\include\stb_image.h">
      <Filter>Include\JSF</Filter>
    </ClInclude>
    <ClInclude Include="..\..\..\include\TrafficLight.h">
      <Filter>Include\JSF</Filter>
    </ClInclude>
    <ClInclude Include="..\..\..\include\Singleton.h">
      <Filter>Include\JSF</Filter>
    </ClInclude>
    <ClInclude Include="..\..\..\include\JSFTexture.h">
      <Filter>Include\JSF</Filter>
    </ClInclude>
    <ClInclude Include="..\..\..\include\JSFShader.h">
      <Filter>Include\JSF</Filter>
    </ClInclude>
    <ClInclude Include="..\..\..\include\JSFBuffer.h">
      <Filter>Include\JSF</Filter>
    </ClInclude>
    <ClInclude Include="..\..\..\include\JSFGPUManager.h">
      <Filter>Include\JSF</Filter>
    </ClInclude>
  </ItemGroup>
  <ItemGroup>
    <ClCompile Include="..\..\..\src\textureexample.cc">
      <Filter>Example</Filter>
    </ClCompile>
    <ClCompile Include="..\..\..\src\Block.cpp">
      <Filter>src</Filter>
    </ClCompile>
    <ClCompile Include="..\..\..\src\BuildingGeometries.cpp">
      <Filter>src</Filter>
    </ClCompile>
    <ClCompile Include="..\..\..\src\buildings.cc">
      <Filter>src</Filter>
    </ClCompile>
    <ClCompile Include="..\..\..\src\City.cpp">
      <Filter>src</Filter>
    </ClCompile>
    <ClCompile Include="..\..\..\src\FPCamera.cpp">
      <Filter>src</Filter>
    </ClCompile>
    <ClCompile Include="..\..\..\src\matcustom_jsf.cc">
      <Filter>src</Filter>
    </ClCompile>
    <ClCompile Include="..\..\..\src\RoadGeometries.cpp">
      <Filter>src</Filter>
    </ClCompile>
    <ClCompile Include="..\..\..\src\TrafficLight.cpp">
      <Filter>src</Filter>
    </ClCompile>
    <ClCompile Include="..\..\..\src\Singleton.cpp">
      <Filter>src</Filter>
    </ClCompile>
    <ClCompile Include="JSFTexture.cpp">
      <Filter>src</Filter>
    </ClCompile>
    <ClCompile Include="..\..\..\src\JSFShader.cpp">
      <Filter>src</Filter>
    </ClCompile>
    <ClCompile Include="JSFBuffer.cpp">
      <Filter>src</Filter>
    </ClCompile>
    <ClCompile Include="..\..\..\src\JSFGPUManager.cpp">
      <Filter>src</Filter>
    </ClCompile>
  </ItemGroup>
</Project>